
Microsoft Visual Studio Solution File, Format Version 12.00
# Visual Studio 14
VisualStudioVersion = 14.0.23107.0
MinimumVisualStudioVersion = 10.0.40219.1
Project("{2150E333-8FDC-42A3-9474-1A3956D46DE8}") = "Recruitment System.com.WEBAPI", "Recruitment System.com.WEBAPI", "{4077AFE0-BF8B-46F0-8645-F6203DE809B9}"
EndProject
Project("{2150E333-8FDC-42A3-9474-1A3956D46DE8}") = "Recruitment System.Com.Data", "Recruitment System.Com.Data", "{E0D23ECF-BB15-4707-81A0-CA84DEF45789}"
EndProject
Project("{2150E333-8FDC-42A3-9474-1A3956D46DE8}") = "Recruitment System.Com.WPF", "Recruitment System.Com.WPF", "{600679D1-9742-4970-B8FA-2EDC050BB322}"
EndProject
Project("{FAE04EC0-301F-11D3-BF4B-00C04F79EFBC}") = "createvacauncy.createjob", "createvacuncy.createjob\createvacauncy.createjob.csproj", "{5C544C64-D235-4C78-9504-BEA0D81E343B}"
EndProject
Project("{FAE04EC0-301F-11D3-BF4B-00C04F79EFBC}") = "Createjob.Data", "Recruitment_Systeam.Data\Createjob.Data.csproj", "{1A4E87E7-FD55-4A4C-9EBC-C29E26DDB35C}"
EndProject
Project("{FAE04EC0-301F-11D3-BF4B-00C04F79EFBC}") = "CreateJob.API", "CreateJob.API\CreateJob.API.csproj", "{0EBCF580-2695-4640-8EFA-BDBE9AA9830E}"
EndProject
Global
	GlobalSection(SolutionConfigurationPlatforms) = preSolution
		Debug|Any CPU = Debug|Any CPU
		Release|Any CPU = Release|Any CPU
	EndGlobalSection
	GlobalSection(ProjectConfigurationPlatforms) = postSolution
		{5C544C64-D235-4C78-9504-BEA0D81E343B}.Debug|Any CPU.ActiveCfg = Debug|Any CPU
		{5C544C64-D235-4C78-9504-BEA0D81E343B}.Debug|Any CPU.Build.0 = Debug|Any CPU
		{5C544C64-D235-4C78-9504-BEA0D81E343B}.Release|Any CPU.ActiveCfg = Release|Any CPU
		{5C544C64-D235-4C78-9504-BEA0D81E343B}.Release|Any CPU.Build.0 = Release|Any CPU
		{1A4E87E7-FD55-4A4C-9EBC-C29E26DDB35C}.Debug|Any CPU.ActiveCfg = Debug|Any CPU
		{1A4E87E7-FD55-4A4C-9EBC-C29E26DDB35C}.Debug|Any CPU.Build.0 = Debug|Any CPU
		{1A4E87E7-FD55-4A4C-9EBC-C29E26DDB35C}.Release|Any CPU.ActiveCfg = Release|Any CPU
		{1A4E87E7-FD55-4A4C-9EBC-C29E26DDB35C}.Release|Any CPU.Build.0 = Release|Any CPU
		{0EBCF580-2695-4640-8EFA-BDBE9AA9830E}.Debug|Any CPU.ActiveCfg = Debug|Any CPU
		{0EBCF580-2695-4640-8EFA-BDBE9AA9830E}.Debug|Any CPU.Build.0 = Debug|Any CPU
		{0EBCF580-2695-4640-8EFA-BDBE9AA9830E}.Release|Any CPU.ActiveCfg = Release|Any CPU
		{0EBCF580-2695-4640-8EFA-BDBE9AA9830E}.Release|Any CPU.Build.0 = Release|Any CPU
	EndGlobalSection
	GlobalSection(SolutionProperties) = preSolution
		HideSolutionNode = FALSE
	EndGlobalSection
	GlobalSection(NestedProjects) = preSolution
		{5C544C64-D235-4C78-9504-BEA0D81E343B} = {600679D1-9742-4970-B8FA-2EDC050BB322}
		{1A4E87E7-FD55-4A4C-9EBC-C29E26DDB35C} = {E0D23ECF-BB15-4707-81A0-CA84DEF45789}
		{0EBCF580-2695-4640-8EFA-BDBE9AA9830E} = {4077AFE0-BF8B-46F0-8645-F6203DE809B9}
	EndGlobalSection
EndGlobal
