
Microsoft Visual Studio Solution File, Format Version 12.00
# Visual Studio 14
VisualStudioVersion = 14.0.25420.1
MinimumVisualStudioVersion = 10.0.40219.1
Project("{FAE04EC0-301F-11D3-BF4B-00C04F79EFBC}") = "Recruitment Systeam.API", "RecruitmentSystem.Api\Recruitment Systeam.API.csproj", "{DF5CABC7-BC7B-4DB1-84D7-450D72FD1085}"
EndProject
Project("{FAE04EC0-301F-11D3-BF4B-00C04F79EFBC}") = "RecruitmentSystem.Data", "RecruitmentSystem.Data\RecruitmentSystem.Data.csproj", "{1A4E87E7-FD55-4A4C-9EBC-C29E26DDB35C}"
EndProject
Project("{FAE04EC0-301F-11D3-BF4B-00C04F79EFBC}") = "RecruitmentSystem.Wpf", "RecruitmentSystem.Wpf\RecruitmentSystem.Wpf.csproj", "{5C544C64-D235-4C78-9504-BEA0D81E343B}"
EndProject
Project("{FAE04EC0-301F-11D3-BF4B-00C04F79EFBC}") = "RecruitmentSystem.Dto", "RecruitmentSystem.Dto\RecruitmentSystem.Dto.csproj", "{E9DD1A06-BE35-4276-9411-1EC3EF79DE5D}"
EndProject
Global
	GlobalSection(SolutionConfigurationPlatforms) = preSolution
		Debug|Any CPU = Debug|Any CPU
		Release|Any CPU = Release|Any CPU
	EndGlobalSection
	GlobalSection(ProjectConfigurationPlatforms) = postSolution
		{DF5CABC7-BC7B-4DB1-84D7-450D72FD1085}.Debug|Any CPU.ActiveCfg = Debug|Any CPU
		{DF5CABC7-BC7B-4DB1-84D7-450D72FD1085}.Debug|Any CPU.Build.0 = Debug|Any CPU
		{DF5CABC7-BC7B-4DB1-84D7-450D72FD1085}.Release|Any CPU.ActiveCfg = Release|Any CPU
		{DF5CABC7-BC7B-4DB1-84D7-450D72FD1085}.Release|Any CPU.Build.0 = Release|Any CPU
		{1A4E87E7-FD55-4A4C-9EBC-C29E26DDB35C}.Debug|Any CPU.ActiveCfg = Debug|Any CPU
		{1A4E87E7-FD55-4A4C-9EBC-C29E26DDB35C}.Debug|Any CPU.Build.0 = Debug|Any CPU
		{1A4E87E7-FD55-4A4C-9EBC-C29E26DDB35C}.Release|Any CPU.ActiveCfg = Release|Any CPU
		{1A4E87E7-FD55-4A4C-9EBC-C29E26DDB35C}.Release|Any CPU.Build.0 = Release|Any CPU
		{5C544C64-D235-4C78-9504-BEA0D81E343B}.Debug|Any CPU.ActiveCfg = Debug|Any CPU
		{5C544C64-D235-4C78-9504-BEA0D81E343B}.Debug|Any CPU.Build.0 = Debug|Any CPU
		{5C544C64-D235-4C78-9504-BEA0D81E343B}.Release|Any CPU.ActiveCfg = Release|Any CPU
		{5C544C64-D235-4C78-9504-BEA0D81E343B}.Release|Any CPU.Build.0 = Release|Any CPU
		{E9DD1A06-BE35-4276-9411-1EC3EF79DE5D}.Debug|Any CPU.ActiveCfg = Debug|Any CPU
		{E9DD1A06-BE35-4276-9411-1EC3EF79DE5D}.Debug|Any CPU.Build.0 = Debug|Any CPU
		{E9DD1A06-BE35-4276-9411-1EC3EF79DE5D}.Release|Any CPU.ActiveCfg = Release|Any CPU
		{E9DD1A06-BE35-4276-9411-1EC3EF79DE5D}.Release|Any CPU.Build.0 = Release|Any CPU
	EndGlobalSection
	GlobalSection(SolutionProperties) = preSolution
		HideSolutionNode = FALSE
	EndGlobalSection
EndGlobal
